
Microsoft Visual Studio Solution File, Format Version 12.00
# Visual Studio Version 17
VisualStudioVersion = 17.14.36221.1
MinimumVisualStudioVersion = 10.0.40219.1
Project("{FAE04EC0-301F-11D3-BF4B-00C04F79EFBC}") = "KR.HushchaPavlo702", "KR.HushchaPavlo702\KR.HushchaPavlo702.csproj", "{6DCEE87D-A8BE-4601-B124-700556C9048B}"
EndProject
Global
	GlobalSection(SolutionConfigurationPlatforms) = preSolution
		Debug|Any CPU = Debug|Any CPU
		Release|Any CPU = Release|Any CPU
	EndGlobalSection
	GlobalSection(ProjectConfigurationPlatforms) = postSolution
		{6DCEE87D-A8BE-4601-B124-700556C9048B}.Debug|Any CPU.ActiveCfg = Debug|Any CPU
		{6DCEE87D-A8BE-4601-B124-700556C9048B}.Debug|Any CPU.Build.0 = Debug|Any CPU
		{6DCEE87D-A8BE-4601-B124-700556C9048B}.Release|Any CPU.ActiveCfg = Release|Any CPU
		{6DCEE87D-A8BE-4601-B124-700556C9048B}.Release|Any CPU.Build.0 = Release|Any CPU
	EndGlobalSection
	GlobalSection(SolutionProperties) = preSolution
		HideSolutionNode = FALSE
	EndGlobalSection
	GlobalSection(ExtensibilityGlobals) = postSolution
		SolutionGuid = {248B03C0-90B5-466B-9747-D9F23C6DC6B6}
	EndGlobalSection
EndGlobal
